
Microsoft Visual Studio Solution File, Format Version 12.00
# Visual Studio 2015
Project("{FAE04EC0-301F-11D3-BF4B-00C04F79EFBC}") = "WonderBuffaloTests", "WonderBuffaloTests.csproj", "{A43D4819-22AF-0729-3A88-0FEE03C8CB2F}"
EndProject
Project("{FAE04EC0-301F-11D3-BF4B-00C04F79EFBC}") = "WonderBuffaloTests.Editor", "WonderBuffaloTests.Editor.csproj", "{73B99740-D344-D2B2-3364-2274E3AB2B52}"
EndProject
Global
	GlobalSection(SolutionConfigurationPlatforms) = preSolution
		Debug|Any CPU = Debug|Any CPU
		Release|Any CPU = Release|Any CPU
	EndGlobalSection
	GlobalSection(ProjectConfigurationPlatforms) = postSolution
		{A43D4819-22AF-0729-3A88-0FEE03C8CB2F}.Debug|Any CPU.ActiveCfg = Debug|Any CPU
		{A43D4819-22AF-0729-3A88-0FEE03C8CB2F}.Debug|Any CPU.Build.0 = Debug|Any CPU
		{A43D4819-22AF-0729-3A88-0FEE03C8CB2F}.Release|Any CPU.ActiveCfg = Release|Any CPU
		{A43D4819-22AF-0729-3A88-0FEE03C8CB2F}.Release|Any CPU.Build.0 = Release|Any CPU
		{73B99740-D344-D2B2-3364-2274E3AB2B52}.Debug|Any CPU.ActiveCfg = Debug|Any CPU
		{73B99740-D344-D2B2-3364-2274E3AB2B52}.Debug|Any CPU.Build.0 = Debug|Any CPU
		{73B99740-D344-D2B2-3364-2274E3AB2B52}.Release|Any CPU.ActiveCfg = Release|Any CPU
		{73B99740-D344-D2B2-3364-2274E3AB2B52}.Release|Any CPU.Build.0 = Release|Any CPU
	EndGlobalSection
	GlobalSection(SolutionProperties) = preSolution
		HideSolutionNode = FALSE
	EndGlobalSection
EndGlobal
